
Microsoft Visual Studio Solution File, Format Version 12.00
# Visual Studio Version 17
VisualStudioVersion = 17.11.35327.3
MinimumVisualStudioVersion = 10.0.40219.1
Project("{8BC9CEB8-8B4A-11D0-8D11-00A0C91BC942}") = "001_cout", "001_cout\001_cout.vcxproj", "{B768EB77-4B3D-49B8-89A8-F00F65B79D19}"
EndProject
Project("{8BC9CEB8-8B4A-11D0-8D11-00A0C91BC942}") = "002_string", "002_string\002_string.vcxproj", "{378F907B-866C-4EB7-8E06-EE3160FF6A82}"
EndProject
Project("{8BC9CEB8-8B4A-11D0-8D11-00A0C91BC942}") = "003_initialize", "003_initialize\003_initialize.vcxproj", "{212D9448-C366-4BA3-A274-EA28926A6551}"
EndProject
Project("{8BC9CEB8-8B4A-11D0-8D11-00A0C91BC942}") = "004_loop", "004_loop\004_loop.vcxproj", "{3C7483C5-5A36-4A12-95D6-D5ADF5D8BD7D}"
EndProject
Project("{8BC9CEB8-8B4A-11D0-8D11-00A0C91BC942}") = "005_swap", "005_swap\005_swap.vcxproj", "{007437FF-BAED-4D7B-97C9-750EEEF8D556}"
EndProject
Project("{8BC9CEB8-8B4A-11D0-8D11-00A0C91BC942}") = "006_defaultParameter", "006_defaultParameter\006_defaultParameter.vcxproj", "{7DC0D57B-4395-4805-8FA0-F2CD5E34CFD1}"
EndProject
Project("{8BC9CEB8-8B4A-11D0-8D11-00A0C91BC942}") = "007_inventory", "007_inventory\007_inventory.vcxproj", "{B12AB9D6-5150-4147-A54B-8185B3A871B6}"
EndProject
Project("{8BC9CEB8-8B4A-11D0-8D11-00A0C91BC942}") = "008_TV", "008_TV\008_TV.vcxproj", "{C0478E65-C45C-45D0-B857-1BD80D5B4756}"
EndProject
Project("{8BC9CEB8-8B4A-11D0-8D11-00A0C91BC942}") = "009_this", "009_this\009_this.vcxproj", "{C4C05A87-886C-4557-8C60-073332C1F4F2}"
EndProject
Project("{8BC9CEB8-8B4A-11D0-8D11-00A0C91BC942}") = "010_complex", "010_complex\010_complex.vcxproj", "{89B91167-12B2-4072-BB70-6106DD5878B4}"
EndProject
Project("{8BC9CEB8-8B4A-11D0-8D11-00A0C91BC942}") = "014_opOverlooading", "014_opOverlooading\014_opOverlooading.vcxproj", "{81DC31D8-8A79-4A64-B73C-BC4974ED8024}"
EndProject
Project("{8BC9CEB8-8B4A-11D0-8D11-00A0C91BC942}") = "015_new", "015_new\015_new.vcxproj", "{E8AC7CBB-C961-4A02-A296-047C7C3947CD}"
EndProject
Project("{8BC9CEB8-8B4A-11D0-8D11-00A0C91BC942}") = "016_objectAllocation", "016_objectAllocation\016_objectAllocation.vcxproj", "{902AA84A-2810-466C-9225-C63ECBB0C60C}"
EndProject
Project("{8BC9CEB8-8B4A-11D0-8D11-00A0C91BC942}") = "011_color", "011_color\011_color.vcxproj", "{13A1DDBE-2F7A-492A-BA3C-328202B81B1D}"
EndProject
Project("{8BC9CEB8-8B4A-11D0-8D11-00A0C91BC942}") = "012_colorld", "012_colorld\012_colorld.vcxproj", "{0CAAB49E-7C5B-41CB-8F35-13E58AEB3706}"
EndProject
Project("{8BC9CEB8-8B4A-11D0-8D11-00A0C91BC942}") = "013_Vector2", "013_Vector2\013_Vector2.vcxproj", "{AB4E8D5B-C400-4B00-83D0-07B9A9FF9F7C}"
EndProject
Project("{8BC9CEB8-8B4A-11D0-8D11-00A0C91BC942}") = "017_String", "017_String\017_String.vcxproj", "{DDD5FAC1-AD78-4683-928D-C42CD801D483}"
EndProject
Project("{8BC9CEB8-8B4A-11D0-8D11-00A0C91BC942}") = "018_inheritance", "018_inheritance\018_inheritance.vcxproj", "{5AA08E3A-4421-4D19-9AE0-1943D9190261}"
EndProject
Project("{8BC9CEB8-8B4A-11D0-8D11-00A0C91BC942}") = "019_animal", "019_animal\019_animal.vcxproj", "{61DB0C78-603B-4BB1-948C-98A87E4BEE5B}"
EndProject
Project("{8BC9CEB8-8B4A-11D0-8D11-00A0C91BC942}") = "020_template", "020_template\020_template.vcxproj", "{72AC97DB-708C-492B-9CCD-2B1043E9DAED}"
EndProject
Project("{8BC9CEB8-8B4A-11D0-8D11-00A0C91BC942}") = "021_classTmplate", "021_classTmplate\021_classTmplate.vcxproj", "{D3397FB8-58BC-443E-9C52-B8AED1B97333}"
EndProject
Project("{8BC9CEB8-8B4A-11D0-8D11-00A0C91BC942}") = "022_tryCatch", "022_tryCatch\022_tryCatch.vcxproj", "{7B91C17E-C89C-48E0-85C6-3BC95DA9688B}"
EndProject
Project("{8BC9CEB8-8B4A-11D0-8D11-00A0C91BC942}") = "023_auto", "023_auto\023_auto.vcxproj", "{D4B46289-2D01-418B-AD00-7188ED858F41}"
EndProject
Project("{8BC9CEB8-8B4A-11D0-8D11-00A0C91BC942}") = "024_funcPointer", "024_funcPointer\024_funcPointer.vcxproj", "{B5C43413-BF21-4681-9638-B0CB16302F0D}"
EndProject
Project("{8BC9CEB8-8B4A-11D0-8D11-00A0C91BC942}") = "025_square", "025_square\025_square.vcxproj", "{D060F1D9-A1AD-48F7-8FE5-2EE0890593C2}"
EndProject
Global
	GlobalSection(SolutionConfigurationPlatforms) = preSolution
		Debug|x64 = Debug|x64
		Debug|x86 = Debug|x86
		Release|x64 = Release|x64
		Release|x86 = Release|x86
	EndGlobalSection
	GlobalSection(ProjectConfigurationPlatforms) = postSolution
		{B768EB77-4B3D-49B8-89A8-F00F65B79D19}.Debug|x64.ActiveCfg = Debug|x64
		{B768EB77-4B3D-49B8-89A8-F00F65B79D19}.Debug|x64.Build.0 = Debug|x64
		{B768EB77-4B3D-49B8-89A8-F00F65B79D19}.Debug|x86.ActiveCfg = Debug|Win32
		{B768EB77-4B3D-49B8-89A8-F00F65B79D19}.Debug|x86.Build.0 = Debug|Win32
		{B768EB77-4B3D-49B8-89A8-F00F65B79D19}.Release|x64.ActiveCfg = Release|x64
		{B768EB77-4B3D-49B8-89A8-F00F65B79D19}.Release|x64.Build.0 = Release|x64
		{B768EB77-4B3D-49B8-89A8-F00F65B79D19}.Release|x86.ActiveCfg = Release|Win32
		{B768EB77-4B3D-49B8-89A8-F00F65B79D19}.Release|x86.Build.0 = Release|Win32
		{378F907B-866C-4EB7-8E06-EE3160FF6A82}.Debug|x64.ActiveCfg = Debug|x64
		{378F907B-866C-4EB7-8E06-EE3160FF6A82}.Debug|x64.Build.0 = Debug|x64
		{378F907B-866C-4EB7-8E06-EE3160FF6A82}.Debug|x86.ActiveCfg = Debug|Win32
		{378F907B-866C-4EB7-8E06-EE3160FF6A82}.Debug|x86.Build.0 = Debug|Win32
		{378F907B-866C-4EB7-8E06-EE3160FF6A82}.Release|x64.ActiveCfg = Release|x64
		{378F907B-866C-4EB7-8E06-EE3160FF6A82}.Release|x64.Build.0 = Release|x64
		{378F907B-866C-4EB7-8E06-EE3160FF6A82}.Release|x86.ActiveCfg = Release|Win32
		{378F907B-866C-4EB7-8E06-EE3160FF6A82}.Release|x86.Build.0 = Release|Win32
		{212D9448-C366-4BA3-A274-EA28926A6551}.Debug|x64.ActiveCfg = Debug|x64
		{212D9448-C366-4BA3-A274-EA28926A6551}.Debug|x64.Build.0 = Debug|x64
		{212D9448-C366-4BA3-A274-EA28926A6551}.Debug|x86.ActiveCfg = Debug|Win32
		{212D9448-C366-4BA3-A274-EA28926A6551}.Debug|x86.Build.0 = Debug|Win32
		{212D9448-C366-4BA3-A274-EA28926A6551}.Release|x64.ActiveCfg = Release|x64
		{212D9448-C366-4BA3-A274-EA28926A6551}.Release|x64.Build.0 = Release|x64
		{212D9448-C366-4BA3-A274-EA28926A6551}.Release|x86.ActiveCfg = Release|Win32
		{212D9448-C366-4BA3-A274-EA28926A6551}.Release|x86.Build.0 = Release|Win32
		{3C7483C5-5A36-4A12-95D6-D5ADF5D8BD7D}.Debug|x64.ActiveCfg = Debug|x64
		{3C7483C5-5A36-4A12-95D6-D5ADF5D8BD7D}.Debug|x64.Build.0 = Debug|x64
		{3C7483C5-5A36-4A12-95D6-D5ADF5D8BD7D}.Debug|x86.ActiveCfg = Debug|Win32
		{3C7483C5-5A36-4A12-95D6-D5ADF5D8BD7D}.Debug|x86.Build.0 = Debug|Win32
		{3C7483C5-5A36-4A12-95D6-D5ADF5D8BD7D}.Release|x64.ActiveCfg = Release|x64
		{3C7483C5-5A36-4A12-95D6-D5ADF5D8BD7D}.Release|x64.Build.0 = Release|x64
		{3C7483C5-5A36-4A12-95D6-D5ADF5D8BD7D}.Release|x86.ActiveCfg = Release|Win32
		{3C7483C5-5A36-4A12-95D6-D5ADF5D8BD7D}.Release|x86.Build.0 = Release|Win32
		{007437FF-BAED-4D7B-97C9-750EEEF8D556}.Debug|x64.ActiveCfg = Debug|x64
		{007437FF-BAED-4D7B-97C9-750EEEF8D556}.Debug|x64.Build.0 = Debug|x64
		{007437FF-BAED-4D7B-97C9-750EEEF8D556}.Debug|x86.ActiveCfg = Debug|Win32
		{007437FF-BAED-4D7B-97C9-750EEEF8D556}.Debug|x86.Build.0 = Debug|Win32
		{007437FF-BAED-4D7B-97C9-750EEEF8D556}.Release|x64.ActiveCfg = Release|x64
		{007437FF-BAED-4D7B-97C9-750EEEF8D556}.Release|x64.Build.0 = Release|x64
		{007437FF-BAED-4D7B-97C9-750EEEF8D556}.Release|x86.ActiveCfg = Release|Win32
		{007437FF-BAED-4D7B-97C9-750EEEF8D556}.Release|x86.Build.0 = Release|Win32
		{7DC0D57B-4395-4805-8FA0-F2CD5E34CFD1}.Debug|x64.ActiveCfg = Debug|x64
		{7DC0D57B-4395-4805-8FA0-F2CD5E34CFD1}.Debug|x64.Build.0 = Debug|x64
		{7DC0D57B-4395-4805-8FA0-F2CD5E34CFD1}.Debug|x86.ActiveCfg = Debug|Win32
		{7DC0D57B-4395-4805-8FA0-F2CD5E34CFD1}.Debug|x86.Build.0 = Debug|Win32
		{7DC0D57B-4395-4805-8FA0-F2CD5E34CFD1}.Release|x64.ActiveCfg = Release|x64
		{7DC0D57B-4395-4805-8FA0-F2CD5E34CFD1}.Release|x64.Build.0 = Release|x64
		{7DC0D57B-4395-4805-8FA0-F2CD5E34CFD1}.Release|x86.ActiveCfg = Release|Win32
		{7DC0D57B-4395-4805-8FA0-F2CD5E34CFD1}.Release|x86.Build.0 = Release|Win32
		{B12AB9D6-5150-4147-A54B-8185B3A871B6}.Debug|x64.ActiveCfg = Debug|x64
		{B12AB9D6-5150-4147-A54B-8185B3A871B6}.Debug|x64.Build.0 = Debug|x64
		{B12AB9D6-5150-4147-A54B-8185B3A871B6}.Debug|x86.ActiveCfg = Debug|Win32
		{B12AB9D6-5150-4147-A54B-8185B3A871B6}.Debug|x86.Build.0 = Debug|Win32
		{B12AB9D6-5150-4147-A54B-8185B3A871B6}.Release|x64.ActiveCfg = Release|x64
		{B12AB9D6-5150-4147-A54B-8185B3A871B6}.Release|x64.Build.0 = Release|x64
		{B12AB9D6-5150-4147-A54B-8185B3A871B6}.Release|x86.ActiveCfg = Release|Win32
		{B12AB9D6-5150-4147-A54B-8185B3A871B6}.Release|x86.Build.0 = Release|Win32
		{C0478E65-C45C-45D0-B857-1BD80D5B4756}.Debug|x64.ActiveCfg = Debug|x64
		{C0478E65-C45C-45D0-B857-1BD80D5B4756}.Debug|x64.Build.0 = Debug|x64
		{C0478E65-C45C-45D0-B857-1BD80D5B4756}.Debug|x86.ActiveCfg = Debug|Win32
		{C0478E65-C45C-45D0-B857-1BD80D5B4756}.Debug|x86.Build.0 = Debug|Win32
		{C0478E65-C45C-45D0-B857-1BD80D5B4756}.Release|x64.ActiveCfg = Release|x64
		{C0478E65-C45C-45D0-B857-1BD80D5B4756}.Release|x64.Build.0 = Release|x64
		{C0478E65-C45C-45D0-B857-1BD80D5B4756}.Release|x86.ActiveCfg = Release|Win32
		{C0478E65-C45C-45D0-B857-1BD80D5B4756}.Release|x86.Build.0 = Release|Win32
		{C4C05A87-886C-4557-8C60-073332C1F4F2}.Debug|x64.ActiveCfg = Debug|x64
		{C4C05A87-886C-4557-8C60-073332C1F4F2}.Debug|x64.Build.0 = Debug|x64
		{C4C05A87-886C-4557-8C60-073332C1F4F2}.Debug|x86.ActiveCfg = Debug|Win32
		{C4C05A87-886C-4557-8C60-073332C1F4F2}.Debug|x86.Build.0 = Debug|Win32
		{C4C05A87-886C-4557-8C60-073332C1F4F2}.Release|x64.ActiveCfg = Release|x64
		{C4C05A87-886C-4557-8C60-073332C1F4F2}.Release|x64.Build.0 = Release|x64
		{C4C05A87-886C-4557-8C60-073332C1F4F2}.Release|x86.ActiveCfg = Release|Win32
		{C4C05A87-886C-4557-8C60-073332C1F4F2}.Release|x86.Build.0 = Release|Win32
		{89B91167-12B2-4072-BB70-6106DD5878B4}.Debug|x64.ActiveCfg = Debug|x64
		{89B91167-12B2-4072-BB70-6106DD5878B4}.Debug|x64.Build.0 = Debug|x64
		{89B91167-12B2-4072-BB70-6106DD5878B4}.Debug|x86.ActiveCfg = Debug|Win32
		{89B91167-12B2-4072-BB70-6106DD5878B4}.Debug|x86.Build.0 = Debug|Win32
		{89B91167-12B2-4072-BB70-6106DD5878B4}.Release|x64.ActiveCfg = Release|x64
		{89B91167-12B2-4072-BB70-6106DD5878B4}.Release|x64.Build.0 = Release|x64
		{89B91167-12B2-4072-BB70-6106DD5878B4}.Release|x86.ActiveCfg = Release|Win32
		{89B91167-12B2-4072-BB70-6106DD5878B4}.Release|x86.Build.0 = Release|Win32
		{81DC31D8-8A79-4A64-B73C-BC4974ED8024}.Debug|x64.ActiveCfg = Debug|x64
		{81DC31D8-8A79-4A64-B73C-BC4974ED8024}.Debug|x64.Build.0 = Debug|x64
		{81DC31D8-8A79-4A64-B73C-BC4974ED8024}.Debug|x86.ActiveCfg = Debug|Win32
		{81DC31D8-8A79-4A64-B73C-BC4974ED8024}.Debug|x86.Build.0 = Debug|Win32
		{81DC31D8-8A79-4A64-B73C-BC4974ED8024}.Release|x64.ActiveCfg = Release|x64
		{81DC31D8-8A79-4A64-B73C-BC4974ED8024}.Release|x64.Build.0 = Release|x64
		{81DC31D8-8A79-4A64-B73C-BC4974ED8024}.Release|x86.ActiveCfg = Release|Win32
		{81DC31D8-8A79-4A64-B73C-BC4974ED8024}.Release|x86.Build.0 = Release|Win32
		{E8AC7CBB-C961-4A02-A296-047C7C3947CD}.Debug|x64.ActiveCfg = Debug|x64
		{E8AC7CBB-C961-4A02-A296-047C7C3947CD}.Debug|x64.Build.0 = Debug|x64
		{E8AC7CBB-C961-4A02-A296-047C7C3947CD}.Debug|x86.ActiveCfg = Debug|Win32
		{E8AC7CBB-C961-4A02-A296-047C7C3947CD}.Debug|x86.Build.0 = Debug|Win32
		{E8AC7CBB-C961-4A02-A296-047C7C3947CD}.Release|x64.ActiveCfg = Release|x64
		{E8AC7CBB-C961-4A02-A296-047C7C3947CD}.Release|x64.Build.0 = Release|x64
		{E8AC7CBB-C961-4A02-A296-047C7C3947CD}.Release|x86.ActiveCfg = Release|Win32
		{E8AC7CBB-C961-4A02-A296-047C7C3947CD}.Release|x86.Build.0 = Release|Win32
		{902AA84A-2810-466C-9225-C63ECBB0C60C}.Debug|x64.ActiveCfg = Debug|x64
		{902AA84A-2810-466C-9225-C63ECBB0C60C}.Debug|x64.Build.0 = Debug|x64
		{902AA84A-2810-466C-9225-C63ECBB0C60C}.Debug|x86.ActiveCfg = Debug|Win32
		{902AA84A-2810-466C-9225-C63ECBB0C60C}.Debug|x86.Build.0 = Debug|Win32
		{902AA84A-2810-466C-9225-C63ECBB0C60C}.Release|x64.ActiveCfg = Release|x64
		{902AA84A-2810-466C-9225-C63ECBB0C60C}.Release|x64.Build.0 = Release|x64
		{902AA84A-2810-466C-9225-C63ECBB0C60C}.Release|x86.ActiveCfg = Release|Win32
		{902AA84A-2810-466C-9225-C63ECBB0C60C}.Release|x86.Build.0 = Release|Win32
		{13A1DDBE-2F7A-492A-BA3C-328202B81B1D}.Debug|x64.ActiveCfg = Debug|x64
		{13A1DDBE-2F7A-492A-BA3C-328202B81B1D}.Debug|x64.Build.0 = Debug|x64
		{13A1DDBE-2F7A-492A-BA3C-328202B81B1D}.Debug|x86.ActiveCfg = Debug|Win32
		{13A1DDBE-2F7A-492A-BA3C-328202B81B1D}.Debug|x86.Build.0 = Debug|Win32
		{13A1DDBE-2F7A-492A-BA3C-328202B81B1D}.Release|x64.ActiveCfg = Release|x64
		{13A1DDBE-2F7A-492A-BA3C-328202B81B1D}.Release|x64.Build.0 = Release|x64
		{13A1DDBE-2F7A-492A-BA3C-328202B81B1D}.Release|x86.ActiveCfg = Release|Win32
		{13A1DDBE-2F7A-492A-BA3C-328202B81B1D}.Release|x86.Build.0 = Release|Win32
		{0CAAB49E-7C5B-41CB-8F35-13E58AEB3706}.Debug|x64.ActiveCfg = Debug|x64
		{0CAAB49E-7C5B-41CB-8F35-13E58AEB3706}.Debug|x64.Build.0 = Debug|x64
		{0CAAB49E-7C5B-41CB-8F35-13E58AEB3706}.Debug|x86.ActiveCfg = Debug|Win32
		{0CAAB49E-7C5B-41CB-8F35-13E58AEB3706}.Debug|x86.Build.0 = Debug|Win32
		{0CAAB49E-7C5B-41CB-8F35-13E58AEB3706}.Release|x64.ActiveCfg = Release|x64
		{0CAAB49E-7C5B-41CB-8F35-13E58AEB3706}.Release|x64.Build.0 = Release|x64
		{0CAAB49E-7C5B-41CB-8F35-13E58AEB3706}.Release|x86.ActiveCfg = Release|Win32
		{0CAAB49E-7C5B-41CB-8F35-13E58AEB3706}.Release|x86.Build.0 = Release|Win32
		{AB4E8D5B-C400-4B00-83D0-07B9A9FF9F7C}.Debug|x64.ActiveCfg = Debug|x64
		{AB4E8D5B-C400-4B00-83D0-07B9A9FF9F7C}.Debug|x64.Build.0 = Debug|x64
		{AB4E8D5B-C400-4B00-83D0-07B9A9FF9F7C}.Debug|x86.ActiveCfg = Debug|Win32
		{AB4E8D5B-C400-4B00-83D0-07B9A9FF9F7C}.Debug|x86.Build.0 = Debug|Win32
		{AB4E8D5B-C400-4B00-83D0-07B9A9FF9F7C}.Release|x64.ActiveCfg = Release|x64
		{AB4E8D5B-C400-4B00-83D0-07B9A9FF9F7C}.Release|x64.Build.0 = Release|x64
		{AB4E8D5B-C400-4B00-83D0-07B9A9FF9F7C}.Release|x86.ActiveCfg = Release|Win32
		{AB4E8D5B-C400-4B00-83D0-07B9A9FF9F7C}.Release|x86.Build.0 = Release|Win32
		{DDD5FAC1-AD78-4683-928D-C42CD801D483}.Debug|x64.ActiveCfg = Debug|x64
		{DDD5FAC1-AD78-4683-928D-C42CD801D483}.Debug|x64.Build.0 = Debug|x64
		{DDD5FAC1-AD78-4683-928D-C42CD801D483}.Debug|x86.ActiveCfg = Debug|Win32
		{DDD5FAC1-AD78-4683-928D-C42CD801D483}.Debug|x86.Build.0 = Debug|Win32
		{DDD5FAC1-AD78-4683-928D-C42CD801D483}.Release|x64.ActiveCfg = Release|x64
		{DDD5FAC1-AD78-4683-928D-C42CD801D483}.Release|x64.Build.0 = Release|x64
		{DDD5FAC1-AD78-4683-928D-C42CD801D483}.Release|x86.ActiveCfg = Release|Win32
		{DDD5FAC1-AD78-4683-928D-C42CD801D483}.Release|x86.Build.0 = Release|Win32
		{5AA08E3A-4421-4D19-9AE0-1943D9190261}.Debug|x64.ActiveCfg = Debug|x64
		{5AA08E3A-4421-4D19-9AE0-1943D9190261}.Debug|x64.Build.0 = Debug|x64
		{5AA08E3A-4421-4D19-9AE0-1943D9190261}.Debug|x86.ActiveCfg = Debug|Win32
		{5AA08E3A-4421-4D19-9AE0-1943D9190261}.Debug|x86.Build.0 = Debug|Win32
		{5AA08E3A-4421-4D19-9AE0-1943D9190261}.Release|x64.ActiveCfg = Release|x64
		{5AA08E3A-4421-4D19-9AE0-1943D9190261}.Release|x64.Build.0 = Release|x64
		{5AA08E3A-4421-4D19-9AE0-1943D9190261}.Release|x86.ActiveCfg = Release|Win32
		{5AA08E3A-4421-4D19-9AE0-1943D9190261}.Release|x86.Build.0 = Release|Win32
		{61DB0C78-603B-4BB1-948C-98A87E4BEE5B}.Debug|x64.ActiveCfg = Debug|x64
		{61DB0C78-603B-4BB1-948C-98A87E4BEE5B}.Debug|x64.Build.0 = Debug|x64
		{61DB0C78-603B-4BB1-948C-98A87E4BEE5B}.Debug|x86.ActiveCfg = Debug|Win32
		{61DB0C78-603B-4BB1-948C-98A87E4BEE5B}.Debug|x86.Build.0 = Debug|Win32
		{61DB0C78-603B-4BB1-948C-98A87E4BEE5B}.Release|x64.ActiveCfg = Release|x64
		{61DB0C78-603B-4BB1-948C-98A87E4BEE5B}.Release|x64.Build.0 = Release|x64
		{61DB0C78-603B-4BB1-948C-98A87E4BEE5B}.Release|x86.ActiveCfg = Release|Win32
		{61DB0C78-603B-4BB1-948C-98A87E4BEE5B}.Release|x86.Build.0 = Release|Win32
		{72AC97DB-708C-492B-9CCD-2B1043E9DAED}.Debug|x64.ActiveCfg = Debug|x64
		{72AC97DB-708C-492B-9CCD-2B1043E9DAED}.Debug|x64.Build.0 = Debug|x64
		{72AC97DB-708C-492B-9CCD-2B1043E9DAED}.Debug|x86.ActiveCfg = Debug|Win32
		{72AC97DB-708C-492B-9CCD-2B1043E9DAED}.Debug|x86.Build.0 = Debug|Win32
		{72AC97DB-708C-492B-9CCD-2B1043E9DAED}.Release|x64.ActiveCfg = Release|x64
		{72AC97DB-708C-492B-9CCD-2B1043E9DAED}.Release|x64.Build.0 = Release|x64
		{72AC97DB-708C-492B-9CCD-2B1043E9DAED}.Release|x86.ActiveCfg = Release|Win32
		{72AC97DB-708C-492B-9CCD-2B1043E9DAED}.Release|x86.Build.0 = Release|Win32
		{D3397FB8-58BC-443E-9C52-B8AED1B97333}.Debug|x64.ActiveCfg = Debug|x64
		{D3397FB8-58BC-443E-9C52-B8AED1B97333}.Debug|x64.Build.0 = Debug|x64
		{D3397FB8-58BC-443E-9C52-B8AED1B97333}.Debug|x86.ActiveCfg = Debug|Win32
		{D3397FB8-58BC-443E-9C52-B8AED1B97333}.Debug|x86.Build.0 = Debug|Win32
		{D3397FB8-58BC-443E-9C52-B8AED1B97333}.Release|x64.ActiveCfg = Release|x64
		{D3397FB8-58BC-443E-9C52-B8AED1B97333}.Release|x64.Build.0 = Release|x64
		{D3397FB8-58BC-443E-9C52-B8AED1B97333}.Release|x86.ActiveCfg = Release|Win32
		{D3397FB8-58BC-443E-9C52-B8AED1B97333}.Release|x86.Build.0 = Release|Win32
		{7B91C17E-C89C-48E0-85C6-3BC95DA9688B}.Debug|x64.ActiveCfg = Debug|x64
		{7B91C17E-C89C-48E0-85C6-3BC95DA9688B}.Debug|x64.Build.0 = Debug|x64
		{7B91C17E-C89C-48E0-85C6-3BC95DA9688B}.Debug|x86.ActiveCfg = Debug|Win32
		{7B91C17E-C89C-48E0-85C6-3BC95DA9688B}.Debug|x86.Build.0 = Debug|Win32
		{7B91C17E-C89C-48E0-85C6-3BC95DA9688B}.Release|x64.ActiveCfg = Release|x64
		{7B91C17E-C89C-48E0-85C6-3BC95DA9688B}.Release|x64.Build.0 = Release|x64
		{7B91C17E-C89C-48E0-85C6-3BC95DA9688B}.Release|x86.ActiveCfg = Release|Win32
		{7B91C17E-C89C-48E0-85C6-3BC95DA9688B}.Release|x86.Build.0 = Release|Win32
		{D4B46289-2D01-418B-AD00-7188ED858F41}.Debug|x64.ActiveCfg = Debug|x64
		{D4B46289-2D01-418B-AD00-7188ED858F41}.Debug|x64.Build.0 = Debug|x64
		{D4B46289-2D01-418B-AD00-7188ED858F41}.Debug|x86.ActiveCfg = Debug|Win32
		{D4B46289-2D01-418B-AD00-7188ED858F41}.Debug|x86.Build.0 = Debug|Win32
		{D4B46289-2D01-418B-AD00-7188ED858F41}.Release|x64.ActiveCfg = Release|x64
		{D4B46289-2D01-418B-AD00-7188ED858F41}.Release|x64.Build.0 = Release|x64
		{D4B46289-2D01-418B-AD00-7188ED858F41}.Release|x86.ActiveCfg = Release|Win32
		{D4B46289-2D01-418B-AD00-7188ED858F41}.Release|x86.Build.0 = Release|Win32
		{B5C43413-BF21-4681-9638-B0CB16302F0D}.Debug|x64.ActiveCfg = Debug|x64
		{B5C43413-BF21-4681-9638-B0CB16302F0D}.Debug|x64.Build.0 = Debug|x64
		{B5C43413-BF21-4681-9638-B0CB16302F0D}.Debug|x86.ActiveCfg = Debug|Win32
		{B5C43413-BF21-4681-9638-B0CB16302F0D}.Debug|x86.Build.0 = Debug|Win32
		{B5C43413-BF21-4681-9638-B0CB16302F0D}.Release|x64.ActiveCfg = Release|x64
		{B5C43413-BF21-4681-9638-B0CB16302F0D}.Release|x64.Build.0 = Release|x64
		{B5C43413-BF21-4681-9638-B0CB16302F0D}.Release|x86.ActiveCfg = Release|Win32
		{B5C43413-BF21-4681-9638-B0CB16302F0D}.Release|x86.Build.0 = Release|Win32
		{D060F1D9-A1AD-48F7-8FE5-2EE0890593C2}.Debug|x64.ActiveCfg = Debug|x64
		{D060F1D9-A1AD-48F7-8FE5-2EE0890593C2}.Debug|x64.Build.0 = Debug|x64
		{D060F1D9-A1AD-48F7-8FE5-2EE0890593C2}.Debug|x86.ActiveCfg = Debug|Win32
		{D060F1D9-A1AD-48F7-8FE5-2EE0890593C2}.Debug|x86.Build.0 = Debug|Win32
		{D060F1D9-A1AD-48F7-8FE5-2EE0890593C2}.Release|x64.ActiveCfg = Release|x64
		{D060F1D9-A1AD-48F7-8FE5-2EE0890593C2}.Release|x64.Build.0 = Release|x64
		{D060F1D9-A1AD-48F7-8FE5-2EE0890593C2}.Release|x86.ActiveCfg = Release|Win32
		{D060F1D9-A1AD-48F7-8FE5-2EE0890593C2}.Release|x86.Build.0 = Release|Win32
	EndGlobalSection
	GlobalSection(SolutionProperties) = preSolution
		HideSolutionNode = FALSE
	EndGlobalSection
	GlobalSection(ExtensibilityGlobals) = postSolution
		SolutionGuid = {27A149B3-6316-4A36-AB66-4676F7F48C5A}
	EndGlobalSection
EndGlobal
